// !$*UTF8*$!
{
	archiveVersion = 1;
	classes = {
	};
	objectVersion = 50;
	objects = {

/* Begin PBXBuildFile section */
		77D1C41E20EDF90B008D7726 /* AppDelegate.swift in Sources */ = {isa = PBXBuildFile; fileRef = 77D1C41D20EDF90B008D7726 /* AppDelegate.swift */; };
		77D1C42020EDF90B008D7726 /* ViewController.swift in Sources */ = {isa = PBXBuildFile; fileRef = 77D1C41F20EDF90B008D7726 /* ViewController.swift */; };
		77D1C42320EDF90B008D7726 /* Personal.storyboard in Resources */ = {isa = PBXBuildFile; fileRef = 77D1C42120EDF90B008D7726 /* Personal.storyboard */; };
		77D1C42520EDF90D008D7726 /* Assets.xcassets in Resources */ = {isa = PBXBuildFile; fileRef = 77D1C42420EDF90D008D7726 /* Assets.xcassets */; };
		77D1C42820EDF90D008D7726 /* LaunchScreen.storyboard in Resources */ = {isa = PBXBuildFile; fileRef = 77D1C42620EDF90D008D7726 /* LaunchScreen.storyboard */; };
		77D1C43220F1AC39008D7726 /* userCenter.storyboard in Resources */ = {isa = PBXBuildFile; fileRef = 77D1C43120F1AC39008D7726 /* userCenter.storyboard */; };
/* End PBXBuildFile section */

/* Begin PBXFileReference section */
		77D1C41A20EDF90B008D7726 /* FoodManager.app */ = {isa = PBXFileReference; explicitFileType = wrapper.application; includeInIndex = 0; path = FoodManager.app; sourceTree = BUILT_PRODUCTS_DIR; };
		77D1C41D20EDF90B008D7726 /* AppDelegate.swift */ = {isa = PBXFileReference; lastKnownFileType = sourcecode.swift; path = AppDelegate.swift; sourceTree = "<group>"; };
		77D1C41F20EDF90B008D7726 /* ViewController.swift */ = {isa = PBXFileReference; lastKnownFileType = sourcecode.swift; path = ViewController.swift; sourceTree = "<group>"; };
		77D1C42220EDF90B008D7726 /* Base */ = {isa = PBXFileReference; lastKnownFileType = file.storyboard; name = Base; path = Base.lproj/Personal.storyboard; sourceTree = "<group>"; };
		77D1C42420EDF90D008D7726 /* Assets.xcassets */ = {isa = PBXFileReference; lastKnownFileType = folder.assetcatalog; path = Assets.xcassets; sourceTree = "<group>"; };
		77D1C42720EDF90D008D7726 /* Base */ = {isa = PBXFileReference; lastKnownFileType = file.storyboard; name = Base; path = Base.lproj/LaunchScreen.storyboard; sourceTree = "<group>"; };
		77D1C42920EDF90D008D7726 /* Info.plist */ = {isa = PBXFileReference; lastKnownFileType = text.plist.xml; path = Info.plist; sourceTree = "<group>"; };
		77D1C43120F1AC39008D7726 /* userCenter.storyboard */ = {isa = PBXFileReference; lastKnownFileType = file.storyboard; path = userCenter.storyboard; sourceTree = "<group>"; };
/* End PBXFileReference section */

/* Begin PBXFrameworksBuildPhase section */
		77D1C41720EDF90B008D7726 /* Frameworks */ = {
			isa = PBXFrameworksBuildPhase;
			buildActionMask = 2147483647;
			files = (
			);
			runOnlyForDeploymentPostprocessing = 0;
		};
/* End PBXFrameworksBuildPhase section */

/* Begin PBXGroup section */
		77D1C41120EDF90B008D7726 = {
			isa = PBXGroup;
			children = (
				77D1C41C20EDF90B008D7726 /* FoodManager */,
				77D1C41B20EDF90B008D7726 /* Products */,
			);
			sourceTree = "<group>";
		};
		77D1C41B20EDF90B008D7726 /* Products */ = {
			isa = PBXGroup;
			children = (
				77D1C41A20EDF90B008D7726 /* FoodManager.app */,
			);
			name = Products;
			sourceTree = "<group>";
		};
		77D1C41C20EDF90B008D7726 /* FoodManager */ = {
			isa = PBXGroup;
			children = (
				77D1C41D20EDF90B008D7726 /* AppDelegate.swift */,
				77D1C41F20EDF90B008D7726 /* ViewController.swift */,
				77D1C42120EDF90B008D7726 /* Personal.storyboard */,
				77D1C42420EDF90D008D7726 /* Assets.xcassets */,
				77D1C42620EDF90D008D7726 /* LaunchScreen.storyboard */,
				77D1C42920EDF90D008D7726 /* Info.plist */,
				77D1C43120F1AC39008D7726 /* userCenter.storyboard */,
			);
			path = FoodManager;
			sourceTree = "<group>";
		};
/* End PBXGroup section */

/* Begin PBXNativeTarget section */
		77D1C41920EDF90B008D7726 /* FoodManager */ = {
			isa = PBXNativeTarget;
			buildConfigurationList = 77D1C42C20EDF90D008D7726 /* Build configuration list for PBXNativeTarget "FoodManager" */;
			buildPhases = (
				77D1C41620EDF90B008D7726 /* Sources */,
				77D1C41720EDF90B008D7726 /* Frameworks */,
				77D1C41820EDF90B008D7726 /* Resources */,
			);
			buildRules = (
			);
			dependencies = (
			);
			name = FoodManager;
			productName = FoodManager;
			productReference = 77D1C41A20EDF90B008D7726 /* FoodManager.app */;
			productType = "com.apple.product-type.application";
		};
/* End PBXNativeTarget section */

/* Begin PBXProject section */
		77D1C41220EDF90B008D7726 /* Project object */ = {
			isa = PBXProject;
			attributes = {
				LastSwiftUpdateCheck = 0940;
				LastUpgradeCheck = 0940;
				ORGANIZATIONNAME = Ezreal;
				TargetAttributes = {
					77D1C41920EDF90B008D7726 = {
						CreatedOnToolsVersion = 9.4.1;
					};
				};
			};
			buildConfigurationList = 77D1C41520EDF90B008D7726 /* Build configuration list for PBXProject "FoodManager" */;
			compatibilityVersion = "Xcode 9.3";
			developmentRegion = en;
			hasScannedForEncodings = 0;
			knownRegions = (
				en,
				Base,
			);
			mainGroup = 77D1C41120EDF90B008D7726;
			productRefGroup = 77D1C41B20EDF90B008D7726 /* Products */;
			projectDirPath = "";
			projectRoot = "";
			targets = (
				77D1C41920EDF90B008D7726 /* FoodManager */,
			);
		};
/* End PBXProject section */

/* Begin PBXResourcesBuildPhase section */
		77D1C41820EDF90B008D7726 /* Resources */ = {
			isa = PBXResourcesBuildPhase;
			buildActionMask = 2147483647;
			files = (
				77D1C43220F1AC39008D7726 /* userCenter.storyboard in Resources */,
				77D1C42820EDF90D008D7726 /* LaunchScreen.storyboard in Resources */,
				77D1C42520EDF90D008D7726 /* Assets.xcassets in Resources */,
				77D1C42320EDF90B008D7726 /* Personal.storyboard in Resources */,
			);
			runOnlyForDeploymentPostprocessing = 0;
		};
/* End PBXResourcesBuildPhase section */

/* Begin PBXSourcesBuildPhase section */
		77D1C41620EDF90B008D7726 /* Sources */ = {
			isa = PBXSourcesBuildPhase;
			buildActionMask = 2147483647;
			files = (
				77D1C42020EDF90B008D7726 /* ViewController.swift in Sources */,
				77D1C41E20EDF90B008D7726 /* AppDelegate.swift in Sources */,
			);
			runOnlyForDeploymentPostprocessing = 0;
		};
/* End PBXSourcesBuildPhase section */

/* Begin PBXVariantGroup section */
		77D1C42120EDF90B008D7726 /* Personal.storyboard */ = {
			isa = PBXVariantGroup;
			children = (
				77D1C42220EDF90B008D7726 /* Base */,
			);
			name = Personal.storyboard;
			sourceTree = "<group>";
			usesTabs = 0;
		};
		77D1C42620EDF90D008D7726 /* LaunchScreen.storyboard */ = {
			isa = PBXVariantGroup;
			children = (
				77D1C42720EDF90D008D7726 /* Base */,
			);
			name = LaunchScreen.storyboard;
			sourceTree = "<group>";
		};
/* End PBXVariantGroup section */

/* Begin XCBuildConfiguration section */
		77D1C42A20EDF90D008D7726 /* Debug */ = {
			isa = XCBuildConfiguration;
			buildSettings = {
				ALWAYS_SEARCH_USER_PATHS = NO;
				CLANG_ANALYZER_NONNULL = YES;
				CLANG_ANALYZER_NUMBER_OBJECT_CONVERSION = YES_AGGRESSIVE;
				CLANG_CXX_LANGUAGE_STANDARD = "gnu++14";
				CLANG_CXX_LIBRARY = "libc++";
				CLANG_ENABLE_MODULES = YES;
				CLANG_ENABLE_OBJC_ARC = YES;
				CLANG_ENABLE_OBJC_WEAK = YES;
				CLANG_WARN_BLOCK_CAPTURE_AUTORELEASING = YES;
				CLANG_WARN_BOOL_CONVERSION = YES;
				CLANG_WARN_COMMA = YES;
				CLANG_WARN_CONSTANT_CONVERSION = YES;
				CLANG_WARN_DEPRECATED_OBJC_IMPLEMENTATIONS = YES;
				CLANG_WARN_DIRECT_OBJC_ISA_USAGE = YES_ERROR;
				CLANG_WARN_DOCUMENTATION_COMMENTS = YES;
				CLANG_WARN_EMPTY_BODY = YES;
				CLANG_WARN_ENUM_CONVERSION = YES;
				CLANG_WARN_INFINITE_RECURSION = YES;
				CLANG_WARN_INT_CONVERSION = YES;
				CLANG_WARN_NON_LITERAL_NULL_CONVERSION = YES;
				CLANG_WARN_OBJC_IMPLICIT_RETAIN_SELF = YES;
				CLANG_WARN_OBJC_LITERAL_CONVERSION = YES;
				CLANG_WARN_OBJC_ROOT_CLASS = YES_ERROR;
				CLANG_WARN_RANGE_LOOP_ANALYSIS = YES;
				CLANG_WARN_STRICT_PROTOTYPES = YES;
				CLANG_WARN_SUSPICIOUS_MOVE = YES;
				CLANG_WARN_UNGUARDED_AVAILABILITY = YES_AGGRESSIVE;
				CLANG_WARN_UNREACHABLE_CODE = YES;
				CLANG_WARN__DUPLICATE_METHOD_MATCH = YES;
				CODE_SIGN_IDENTITY = "iPhone Developer";
				COPY_PHASE_STRIP = NO;
				DEBUG_INFORMATION_FORMAT = dwarf;
				ENABLE_STRICT_OBJC_MSGSEND = YES;
				ENABLE_TESTABILITY = YES;
				GCC_C_LANGUAGE_STANDARD = gnu11;
				GCC_DYNAMIC_NO_PIC = NO;
				GCC_NO_COMMON_BLOCKS = YES;
				GCC_OPTIMIZATION_LEVEL = 0;
				GCC_PREPROCESSOR_DEFINITIONS = (
					"DEBUG=1",
					"$(inherited)",
				);
				GCC_WARN_64_TO_32_BIT_CONVERSION = YES;
				GCC_WARN_ABOUT_RETURN_TYPE = YES_ERROR;
				GCC_WARN_UNDECLARED_SELECTOR = YES;
				GCC_WARN_UNINITIALIZED_AUTOS = YES_AGGRESSIVE;
				GCC_WARN_UNUSED_FUNCTION = YES;
				GCC_WARN_UNUSED_VARIABLE = YES;
				IPHONEOS_DEPLOYMENT_TARGET = 11.4;
				MTL_ENABLE_DEBUG_INFO = YES;
				ONLY_ACTIVE_ARCH = YES;
				SDKROOT = iphoneos;
				SWIFT_ACTIVE_COMPILATION_CONDITIONS = DEBUG;
				SWIFT_OPTIMIZATION_LEVEL = "-Onone";
			};
			name = Debug;
		};
		77D1C42B20EDF90D008D7726 /* Release */ = {
			isa = XCBuildConfiguration;
			buildSettings = {
				ALWAYS_SEARCH_USER_PATHS = NO;
				CLANG_ANALYZER_NONNULL = YES;
				CLANG_ANALYZER_NUMBER_OBJECT_CONVERSION = YES_AGGRESSIVE;
				CLANG_CXX_LANGUAGE_STANDARD = "gnu++14";
				CLANG_CXX_LIBRARY = "libc++";
				CLANG_ENABLE_MODULES = YES;
				CLANG_ENABLE_OBJC_ARC = YES;
				CLANG_ENABLE_OBJC_WEAK = YES;
				CLANG_WARN_BLOCK_CAPTURE_AUTORELEASING = YES;
				CLANG_WARN_BOOL_CONVERSION = YES;
				CLANG_WARN_COMMA = YES;
				CLANG_WARN_CONSTANT_CONVERSION = YES;
				CLANG_WARN_DEPRECATED_OBJC_IMPLEMENTATIONS = YES;
				CLANG_WARN_DIRECT_OBJC_ISA_USAGE = YES_ERROR;
				CLANG_WARN_DOCUMENTATION_COMMENTS = YES;
				CLANG_WARN_EMPTY_BODY = YES;
				CLANG_WARN_ENUM_CONVERSION = YES;
				CLANG_WARN_INFINITE_RECURSION = YES;
				CLANG_WARN_INT_CONVERSION = YES;
				CLANG_WARN_NON_LITERAL_NULL_CONVERSION = YES;
				CLANG_WARN_OBJC_IMPLICIT_RETAIN_SELF = YES;
				CLANG_WARN_OBJC_LITERAL_CONVERSION = YES;
				CLANG_WARN_OBJC_ROOT_CLASS = YES_ERROR;
				CLANG_WARN_RANGE_LOOP_ANALYSIS = YES;
				CLANG_WARN_STRICT_PROTOTYPES = YES;
				CLANG_WARN_SUSPICIOUS_MOVE = YES;
				CLANG_WARN_UNGUARDED_AVAILABILITY = YES_AGGRESSIVE;
				CLANG_WARN_UNREACHABLE_CODE = YES;
				CLANG_WARN__DUPLICATE_METHOD_MATCH = YES;
				CODE_SIGN_IDENTITY = "iPhone Developer";
				COPY_PHASE_STRIP = NO;
				DEBUG_INFORMATION_FORMAT = "dwarf-with-dsym";
				ENABLE_NS_ASSERTIONS = NO;
				ENABLE_STRICT_OBJC_MSGSEND = YES;
				GCC_C_LANGUAGE_STANDARD = gnu11;
				GCC_NO_COMMON_BLOCKS = YES;
				GCC_WARN_64_TO_32_BIT_CONVERSION = YES;
				GCC_WARN_ABOUT_RETURN_TYPE = YES_ERROR;
				GCC_WARN_UNDECLARED_SELECTOR = YES;
				GCC_WARN_UNINITIALIZED_AUTOS = YES_AGGRESSIVE;
				GCC_WARN_UNUSED_FUNCTION = YES;
				GCC_WARN_UNUSED_VARIABLE = YES;
				IPHONEOS_DEPLOYMENT_TARGET = 11.4;
				MTL_ENABLE_DEBUG_INFO = NO;
				SDKROOT = iphoneos;
				SWIFT_COMPILATION_MODE = wholemodule;
				SWIFT_OPTIMIZATION_LEVEL = "-O";
				VALIDATE_PRODUCT = YES;
			};
			name = Release;
		};
		77D1C42D20EDF90D008D7726 /* Debug */ = {
			isa = XCBuildConfiguration;
			buildSettings = {
				ASSETCATALOG_COMPILER_APPICON_NAME = AppIcon;
				CODE_SIGN_STYLE = Automatic;
				DEVELOPMENT_TEAM = 5TG2BW6J7T;
				INFOPLIST_FILE = FoodManager/Info.plist;
				LD_RUNPATH_SEARCH_PATHS = (
					"$(inherited)",
					"@executable_path/Frameworks",
				);
				PRODUCT_BUNDLE_IDENTIFIER = Ezreal.FoodManager;
				PRODUCT_NAME = "$(TARGET_NAME)";
				SWIFT_VERSION = 4.0;
				TARGETED_DEVICE_FAMILY = "1,2";
			};
			name = Debug;
		};
		77D1C42E20EDF90D008D7726 /* Release */ = {
			isa = XCBuildConfiguration;
			buildSettings = {
				ASSETCATALOG_COMPILER_APPICON_NAME = AppIcon;
				CODE_SIGN_STYLE = Automatic;
				DEVELOPMENT_TEAM = 5TG2BW6J7T;
				INFOPLIST_FILE = FoodManager/Info.plist;
				LD_RUNPATH_SEARCH_PATHS = (
					"$(inherited)",
					"@executable_path/Frameworks",
				);
				PRODUCT_BUNDLE_IDENTIFIER = Ezreal.FoodManager;
				PRODUCT_NAME = "$(TARGET_NAME)";
				SWIFT_VERSION = 4.0;
				TARGETED_DEVICE_FAMILY = "1,2";
			};
			name = Release;
		};
/* End XCBuildConfiguration section */

/* Begin XCConfigurationList section */
		77D1C41520EDF90B008D7726 /* Build configuration list for PBXProject "FoodManager" */ = {
			isa = XCConfigurationList;
			buildConfigurations = (
				77D1C42A20EDF90D008D7726 /* Debug */,
				77D1C42B20EDF90D008D7726 /* Release */,
			);
			defaultConfigurationIsVisible = 0;
			defaultConfigurationName = Release;
		};
		77D1C42C20EDF90D008D7726 /* Build configuration list for PBXNativeTarget "FoodManager" */ = {
			isa = XCConfigurationList;
			buildConfigurations = (
				77D1C42D20EDF90D008D7726 /* Debug */,
				77D1C42E20EDF90D008D7726 /* Release */,
			);
			defaultConfigurationIsVisible = 0;
			defaultConfigurationName = Release;
		};
/* End XCConfigurationList section */
	};
	rootObject = 77D1C41220EDF90B008D7726 /* Project object */;
}
